
Microsoft Visual Studio Solution File, Format Version 12.00
# Visual Studio Version 17
VisualStudioVersion = 17.10.34928.147
MinimumVisualStudioVersion = 10.0.40219.1
Project("{FAE04EC0-301F-11D3-BF4B-00C04F79EFBC}") = "gologin_offline", "gologin_offline.csproj", "{B263E3F9-FE2D-43DC-9114-5361A24B7DC9}"
EndProject
Global
	GlobalSection(SolutionConfigurationPlatforms) = preSolution
		Debug|Any CPU = Debug|Any CPU
		Release|Any CPU = Release|Any CPU
	EndGlobalSection
	GlobalSection(ProjectConfigurationPlatforms) = postSolution
		{B263E3F9-FE2D-43DC-9114-5361A24B7DC9}.Debug|Any CPU.ActiveCfg = Debug|Any CPU
		{B263E3F9-FE2D-43DC-9114-5361A24B7DC9}.Debug|Any CPU.Build.0 = Debug|Any CPU
		{B263E3F9-FE2D-43DC-9114-5361A24B7DC9}.Release|Any CPU.ActiveCfg = Release|Any CPU
		{B263E3F9-FE2D-43DC-9114-5361A24B7DC9}.Release|Any CPU.Build.0 = Release|Any CPU
	EndGlobalSection
	GlobalSection(SolutionProperties) = preSolution
		HideSolutionNode = FALSE
	EndGlobalSection
	GlobalSection(ExtensibilityGlobals) = postSolution
		SolutionGuid = {E3D44FA7-91AA-4BC0-ADC7-1B2E468A7F44}
	EndGlobalSection
EndGlobal
